// !$*UTF8*$!
{
	archiveVersion = 1;
	classes = {
	};
	objectVersion = 46;
	objects = {

/* Begin PBXBuildFile section */
		80CA2CA51E9DC3D200E56D4A /* AppDelegate.swift in Sources */ = {isa = PBXBuildFile; fileRef = 80CA2CA41E9DC3D200E56D4A /* AppDelegate.swift */; };
		80CA2CA71E9DC3D200E56D4A /* ViewController.swift in Sources */ = {isa = PBXBuildFile; fileRef = 80CA2CA61E9DC3D200E56D4A /* ViewController.swift */; };
		80CA2CAA1E9DC3D200E56D4A /* Main.storyboard in Resources */ = {isa = PBXBuildFile; fileRef = 80CA2CA81E9DC3D200E56D4A /* Main.storyboard */; };
		80CA2CAC1E9DC3D200E56D4A /* Assets.xcassets in Resources */ = {isa = PBXBuildFile; fileRef = 80CA2CAB1E9DC3D200E56D4A /* Assets.xcassets */; };
		80CA2CAF1E9DC3D200E56D4A /* LaunchScreen.storyboard in Resources */ = {isa = PBXBuildFile; fileRef = 80CA2CAD1E9DC3D200E56D4A /* LaunchScreen.storyboard */; };
		80F223701E9E285B008EFD77 /* HUD.swift in Sources */ = {isa = PBXBuildFile; fileRef = 80F2236B1E9E285B008EFD77 /* HUD.swift */; };
		80F223711E9E285B008EFD77 /* HUD.xib in Resources */ = {isa = PBXBuildFile; fileRef = 80F2236C1E9E285B008EFD77 /* HUD.xib */; };
		80F223721E9E285B008EFD77 /* HUDBar.swift in Sources */ = {isa = PBXBuildFile; fileRef = 80F2236D1E9E285B008EFD77 /* HUDBar.swift */; };
		80F223731E9E285B008EFD77 /* HUDSquare.swift in Sources */ = {isa = PBXBuildFile; fileRef = 80F2236E1E9E285B008EFD77 /* HUDSquare.swift */; };
		80F223741E9E285B008EFD77 /* HUDToast.swift in Sources */ = {isa = PBXBuildFile; fileRef = 80F2236F1E9E285B008EFD77 /* HUDToast.swift */; };
		80F223861E9E2E87008EFD77 /* HUD.xcassets in Resources */ = {isa = PBXBuildFile; fileRef = 80F223851E9E2E87008EFD77 /* HUD.xcassets */; };
/* End PBXBuildFile section */

/* Begin PBXFileReference section */
		80CA2CA11E9DC3D200E56D4A /* HUDDemo.app */ = {isa = PBXFileReference; explicitFileType = wrapper.application; includeInIndex = 0; path = HUDDemo.app; sourceTree = BUILT_PRODUCTS_DIR; };
		80CA2CA41E9DC3D200E56D4A /* AppDelegate.swift */ = {isa = PBXFileReference; lastKnownFileType = sourcecode.swift; path = AppDelegate.swift; sourceTree = "<group>"; };
		80CA2CA61E9DC3D200E56D4A /* ViewController.swift */ = {isa = PBXFileReference; lastKnownFileType = sourcecode.swift; path = ViewController.swift; sourceTree = "<group>"; };
		80CA2CA91E9DC3D200E56D4A /* Base */ = {isa = PBXFileReference; lastKnownFileType = file.storyboard; name = Base; path = Base.lproj/Main.storyboard; sourceTree = "<group>"; };
		80CA2CAB1E9DC3D200E56D4A /* Assets.xcassets */ = {isa = PBXFileReference; lastKnownFileType = folder.assetcatalog; path = Assets.xcassets; sourceTree = "<group>"; };
		80CA2CAE1E9DC3D200E56D4A /* Base */ = {isa = PBXFileReference; lastKnownFileType = file.storyboard; name = Base; path = Base.lproj/LaunchScreen.storyboard; sourceTree = "<group>"; };
		80CA2CB01E9DC3D200E56D4A /* Info.plist */ = {isa = PBXFileReference; lastKnownFileType = text.plist.xml; path = Info.plist; sourceTree = "<group>"; };
		80F2236B1E9E285B008EFD77 /* HUD.swift */ = {isa = PBXFileReference; fileEncoding = 4; lastKnownFileType = sourcecode.swift; path = HUD.swift; sourceTree = "<group>"; };
		80F2236C1E9E285B008EFD77 /* HUD.xib */ = {isa = PBXFileReference; fileEncoding = 4; lastKnownFileType = file.xib; path = HUD.xib; sourceTree = "<group>"; };
		80F2236D1E9E285B008EFD77 /* HUDBar.swift */ = {isa = PBXFileReference; fileEncoding = 4; lastKnownFileType = sourcecode.swift; path = HUDBar.swift; sourceTree = "<group>"; };
		80F2236E1E9E285B008EFD77 /* HUDSquare.swift */ = {isa = PBXFileReference; fileEncoding = 4; lastKnownFileType = sourcecode.swift; path = HUDSquare.swift; sourceTree = "<group>"; };
		80F2236F1E9E285B008EFD77 /* HUDToast.swift */ = {isa = PBXFileReference; fileEncoding = 4; lastKnownFileType = sourcecode.swift; path = HUDToast.swift; sourceTree = "<group>"; };
		80F223851E9E2E87008EFD77 /* HUD.xcassets */ = {isa = PBXFileReference; lastKnownFileType = folder.assetcatalog; path = HUD.xcassets; sourceTree = "<group>"; };
/* End PBXFileReference section */

/* Begin PBXFrameworksBuildPhase section */
		80CA2C9E1E9DC3D200E56D4A /* Frameworks */ = {
			isa = PBXFrameworksBuildPhase;
			buildActionMask = 2147483647;
			files = (
			);
			runOnlyForDeploymentPostprocessing = 0;
		};
/* End PBXFrameworksBuildPhase section */

/* Begin PBXGroup section */
		80CA2C981E9DC3D200E56D4A = {
			isa = PBXGroup;
			children = (
				80CA2CA31E9DC3D200E56D4A /* HUDDemo */,
				80CA2CA21E9DC3D200E56D4A /* Products */,
			);
			sourceTree = "<group>";
		};
		80CA2CA21E9DC3D200E56D4A /* Products */ = {
			isa = PBXGroup;
			children = (
				80CA2CA11E9DC3D200E56D4A /* HUDDemo.app */,
			);
			name = Products;
			sourceTree = "<group>";
		};
		80CA2CA31E9DC3D200E56D4A /* HUDDemo */ = {
			isa = PBXGroup;
			children = (
				80F2236A1E9E285B008EFD77 /* HUD */,
				80CA2CA61E9DC3D200E56D4A /* ViewController.swift */,
				80CA2CA41E9DC3D200E56D4A /* AppDelegate.swift */,
				80CA2CA81E9DC3D200E56D4A /* Main.storyboard */,
				80CA2CAB1E9DC3D200E56D4A /* Assets.xcassets */,
				80CA2CAD1E9DC3D200E56D4A /* LaunchScreen.storyboard */,
				80CA2CB01E9DC3D200E56D4A /* Info.plist */,
			);
			path = HUDDemo;
			sourceTree = "<group>";
		};
		80F2236A1E9E285B008EFD77 /* HUD */ = {
			isa = PBXGroup;
			children = (
				80F2236C1E9E285B008EFD77 /* HUD.xib */,
				80F2236B1E9E285B008EFD77 /* HUD.swift */,
				80F2236D1E9E285B008EFD77 /* HUDBar.swift */,
				80F2236E1E9E285B008EFD77 /* HUDSquare.swift */,
				80F2236F1E9E285B008EFD77 /* HUDToast.swift */,
				80F223851E9E2E87008EFD77 /* HUD.xcassets */,
			);
			path = HUD;
			sourceTree = "<group>";
		};
/* End PBXGroup section */

/* Begin PBXNativeTarget section */
		80CA2CA01E9DC3D200E56D4A /* HUDDemo */ = {
			isa = PBXNativeTarget;
			buildConfigurationList = 80CA2CB31E9DC3D200E56D4A /* Build configuration list for PBXNativeTarget "HUDDemo" */;
			buildPhases = (
				80CA2C9D1E9DC3D200E56D4A /* Sources */,
				80CA2C9E1E9DC3D200E56D4A /* Frameworks */,
				80CA2C9F1E9DC3D200E56D4A /* Resources */,
			);
			buildRules = (
			);
			dependencies = (
			);
			name = HUDDemo;
			productName = HUDDemo;
			productReference = 80CA2CA11E9DC3D200E56D4A /* HUDDemo.app */;
			productType = "com.apple.product-type.application";
		};
/* End PBXNativeTarget section */

/* Begin PBXProject section */
		80CA2C991E9DC3D200E56D4A /* Project object */ = {
			isa = PBXProject;
			attributes = {
				LastSwiftUpdateCheck = 0820;
				LastUpgradeCheck = 0820;
				ORGANIZATIONNAME = zhuxuhong;
				TargetAttributes = {
					80CA2CA01E9DC3D200E56D4A = {
						CreatedOnToolsVersion = 8.2.1;
						ProvisioningStyle = Manual;
					};
				};
			};
			buildConfigurationList = 80CA2C9C1E9DC3D200E56D4A /* Build configuration list for PBXProject "HUDDemo" */;
			compatibilityVersion = "Xcode 3.2";
			developmentRegion = English;
			hasScannedForEncodings = 0;
			knownRegions = (
				en,
				Base,
			);
			mainGroup = 80CA2C981E9DC3D200E56D4A;
			productRefGroup = 80CA2CA21E9DC3D200E56D4A /* Products */;
			projectDirPath = "";
			projectRoot = "";
			targets = (
				80CA2CA01E9DC3D200E56D4A /* HUDDemo */,
			);
		};
/* End PBXProject section */

/* Begin PBXResourcesBuildPhase section */
		80CA2C9F1E9DC3D200E56D4A /* Resources */ = {
			isa = PBXResourcesBuildPhase;
			buildActionMask = 2147483647;
			files = (
				80CA2CAF1E9DC3D200E56D4A /* LaunchScreen.storyboard in Resources */,
				80F223711E9E285B008EFD77 /* HUD.xib in Resources */,
				80CA2CAC1E9DC3D200E56D4A /* Assets.xcassets in Resources */,
				80CA2CAA1E9DC3D200E56D4A /* Main.storyboard in Resources */,
				80F223861E9E2E87008EFD77 /* HUD.xcassets in Resources */,
			);
			runOnlyForDeploymentPostprocessing = 0;
		};
/* End PBXResourcesBuildPhase section */

/* Begin PBXSourcesBuildPhase section */
		80CA2C9D1E9DC3D200E56D4A /* Sources */ = {
			isa = PBXSourcesBuildPhase;
			buildActionMask = 2147483647;
			files = (
				80F223701E9E285B008EFD77 /* HUD.swift in Sources */,
				80F223721E9E285B008EFD77 /* HUDBar.swift in Sources */,
				80CA2CA71E9DC3D200E56D4A /* ViewController.swift in Sources */,
				80F223741E9E285B008EFD77 /* HUDToast.swift in Sources */,
				80F223731E9E285B008EFD77 /* HUDSquare.swift in Sources */,
				80CA2CA51E9DC3D200E56D4A /* AppDelegate.swift in Sources */,
			);
			runOnlyForDeploymentPostprocessing = 0;
		};
/* End PBXSourcesBuildPhase section */

/* Begin PBXVariantGroup section */
		80CA2CA81E9DC3D200E56D4A /* Main.storyboard */ = {
			isa = PBXVariantGroup;
			children = (
				80CA2CA91E9DC3D200E56D4A /* Base */,
			);
			name = Main.storyboard;
			sourceTree = "<group>";
		};
		80CA2CAD1E9DC3D200E56D4A /* LaunchScreen.storyboard */ = {
			isa = PBXVariantGroup;
			children = (
				80CA2CAE1E9DC3D200E56D4A /* Base */,
			);
			name = LaunchScreen.storyboard;
			sourceTree = "<group>";
		};
/* End PBXVariantGroup section */

/* Begin XCBuildConfiguration section */
		80CA2CB11E9DC3D200E56D4A /* Debug */ = {
			isa = XCBuildConfiguration;
			buildSettings = {
				ALWAYS_SEARCH_USER_PATHS = NO;
				CLANG_ANALYZER_NONNULL = YES;
				CLANG_CXX_LANGUAGE_STANDARD = "gnu++0x";
				CLANG_CXX_LIBRARY = "libc++";
				CLANG_ENABLE_MODULES = YES;
				CLANG_ENABLE_OBJC_ARC = YES;
				CLANG_WARN_BOOL_CONVERSION = YES;
				CLANG_WARN_CONSTANT_CONVERSION = YES;
				CLANG_WARN_DIRECT_OBJC_ISA_USAGE = YES_ERROR;
				CLANG_WARN_DOCUMENTATION_COMMENTS = YES;
				CLANG_WARN_EMPTY_BODY = YES;
				CLANG_WARN_ENUM_CONVERSION = YES;
				CLANG_WARN_INFINITE_RECURSION = YES;
				CLANG_WARN_INT_CONVERSION = YES;
				CLANG_WARN_OBJC_ROOT_CLASS = YES_ERROR;
				CLANG_WARN_SUSPICIOUS_MOVE = YES;
				CLANG_WARN_UNREACHABLE_CODE = YES;
				CLANG_WARN__DUPLICATE_METHOD_MATCH = YES;
				"CODE_SIGN_IDENTITY[sdk=iphoneos*]" = "iPhone Developer";
				COPY_PHASE_STRIP = NO;
				DEBUG_INFORMATION_FORMAT = dwarf;
				ENABLE_STRICT_OBJC_MSGSEND = YES;
				ENABLE_TESTABILITY = YES;
				GCC_C_LANGUAGE_STANDARD = gnu99;
				GCC_DYNAMIC_NO_PIC = NO;
				GCC_NO_COMMON_BLOCKS = YES;
				GCC_OPTIMIZATION_LEVEL = 0;
				GCC_PREPROCESSOR_DEFINITIONS = (
					"DEBUG=1",
					"$(inherited)",
				);
				GCC_WARN_64_TO_32_BIT_CONVERSION = YES;
				GCC_WARN_ABOUT_RETURN_TYPE = YES_ERROR;
				GCC_WARN_UNDECLARED_SELECTOR = YES;
				GCC_WARN_UNINITIALIZED_AUTOS = YES_AGGRESSIVE;
				GCC_WARN_UNUSED_FUNCTION = YES;
				GCC_WARN_UNUSED_VARIABLE = YES;
				IPHONEOS_DEPLOYMENT_TARGET = 10.2;
				MTL_ENABLE_DEBUG_INFO = YES;
				ONLY_ACTIVE_ARCH = YES;
				SDKROOT = iphoneos;
				SWIFT_ACTIVE_COMPILATION_CONDITIONS = DEBUG;
				SWIFT_OPTIMIZATION_LEVEL = "-Onone";
				TARGETED_DEVICE_FAMILY = "1,2";
			};
			name = Debug;
		};
		80CA2CB21E9DC3D200E56D4A /* Release */ = {
			isa = XCBuildConfiguration;
			buildSettings = {
				ALWAYS_SEARCH_USER_PATHS = NO;
				CLANG_ANALYZER_NONNULL = YES;
				CLANG_CXX_LANGUAGE_STANDARD = "gnu++0x";
				CLANG_CXX_LIBRARY = "libc++";
				CLANG_ENABLE_MODULES = YES;
				CLANG_ENABLE_OBJC_ARC = YES;
				CLANG_WARN_BOOL_CONVERSION = YES;
				CLANG_WARN_CONSTANT_CONVERSION = YES;
				CLANG_WARN_DIRECT_OBJC_ISA_USAGE = YES_ERROR;
				CLANG_WARN_DOCUMENTATION_COMMENTS = YES;
				CLANG_WARN_EMPTY_BODY = YES;
				CLANG_WARN_ENUM_CONVERSION = YES;
				CLANG_WARN_INFINITE_RECURSION = YES;
				CLANG_WARN_INT_CONVERSION = YES;
				CLANG_WARN_OBJC_ROOT_CLASS = YES_ERROR;
				CLANG_WARN_SUSPICIOUS_MOVE = YES;
				CLANG_WARN_UNREACHABLE_CODE = YES;
				CLANG_WARN__DUPLICATE_METHOD_MATCH = YES;
				"CODE_SIGN_IDENTITY[sdk=iphoneos*]" = "iPhone Developer";
				COPY_PHASE_STRIP = NO;
				DEBUG_INFORMATION_FORMAT = "dwarf-with-dsym";
				ENABLE_NS_ASSERTIONS = NO;
				ENABLE_STRICT_OBJC_MSGSEND = YES;
				GCC_C_LANGUAGE_STANDARD = gnu99;
				GCC_NO_COMMON_BLOCKS = YES;
				GCC_WARN_64_TO_32_BIT_CONVERSION = YES;
				GCC_WARN_ABOUT_RETURN_TYPE = YES_ERROR;
				GCC_WARN_UNDECLARED_SELECTOR = YES;
				GCC_WARN_UNINITIALIZED_AUTOS = YES_AGGRESSIVE;
				GCC_WARN_UNUSED_FUNCTION = YES;
				GCC_WARN_UNUSED_VARIABLE = YES;
				IPHONEOS_DEPLOYMENT_TARGET = 10.2;
				MTL_ENABLE_DEBUG_INFO = NO;
				SDKROOT = iphoneos;
				SWIFT_OPTIMIZATION_LEVEL = "-Owholemodule";
				TARGETED_DEVICE_FAMILY = "1,2";
				VALIDATE_PRODUCT = YES;
			};
			name = Release;
		};
		80CA2CB41E9DC3D200E56D4A /* Debug */ = {
			isa = XCBuildConfiguration;
			buildSettings = {
				ASSETCATALOG_COMPILER_APPICON_NAME = AppIcon;
				DEVELOPMENT_TEAM = "";
				INFOPLIST_FILE = HUDDemo/Info.plist;
				LD_RUNPATH_SEARCH_PATHS = "$(inherited) @executable_path/Frameworks";
				PRODUCT_BUNDLE_IDENTIFIER = com.demo.HUDDemo;
				PRODUCT_NAME = "$(TARGET_NAME)";
				SWIFT_VERSION = 3.0;
			};
			name = Debug;
		};
		80CA2CB51E9DC3D200E56D4A /* Release */ = {
			isa = XCBuildConfiguration;
			buildSettings = {
				ASSETCATALOG_COMPILER_APPICON_NAME = AppIcon;
				DEVELOPMENT_TEAM = "";
				INFOPLIST_FILE = HUDDemo/Info.plist;
				LD_RUNPATH_SEARCH_PATHS = "$(inherited) @executable_path/Frameworks";
				PRODUCT_BUNDLE_IDENTIFIER = com.demo.HUDDemo;
				PRODUCT_NAME = "$(TARGET_NAME)";
				SWIFT_VERSION = 3.0;
			};
			name = Release;
		};
/* End XCBuildConfiguration section */

/* Begin XCConfigurationList section */
		80CA2C9C1E9DC3D200E56D4A /* Build configuration list for PBXProject "HUDDemo" */ = {
			isa = XCConfigurationList;
			buildConfigurations = (
				80CA2CB11E9DC3D200E56D4A /* Debug */,
				80CA2CB21E9DC3D200E56D4A /* Release */,
			);
			defaultConfigurationIsVisible = 0;
			defaultConfigurationName = Release;
		};
		80CA2CB31E9DC3D200E56D4A /* Build configuration list for PBXNativeTarget "HUDDemo" */ = {
			isa = XCConfigurationList;
			buildConfigurations = (
				80CA2CB41E9DC3D200E56D4A /* Debug */,
				80CA2CB51E9DC3D200E56D4A /* Release */,
			);
			defaultConfigurationIsVisible = 0;
			defaultConfigurationName = Release;
		};
/* End XCConfigurationList section */
	};
	rootObject = 80CA2C991E9DC3D200E56D4A /* Project object */;
}
